// !$*UTF8*$!
{
	archiveVersion = 1;
	classes = {
	};
	objectVersion = 50;
	objects = {

/* Begin PBXBuildFile section */
		F189633A26DD1E5700D6D956 /* AppDelegate.swift in Sources */ = {isa = PBXBuildFile; fileRef = F189633926DD1E5700D6D956 /* AppDelegate.swift */; };
		F189633C26DD1E5700D6D956 /* SceneDelegate.swift in Sources */ = {isa = PBXBuildFile; fileRef = F189633B26DD1E5700D6D956 /* SceneDelegate.swift */; };
		F189633E26DD1E5700D6D956 /* ViewController.swift in Sources */ = {isa = PBXBuildFile; fileRef = F189633D26DD1E5700D6D956 /* ViewController.swift */; };
		F189634126DD1E5700D6D956 /* Main.storyboard in Resources */ = {isa = PBXBuildFile; fileRef = F189633F26DD1E5700D6D956 /* Main.storyboard */; };
		F189634326DD1E5800D6D956 /* Assets.xcassets in Resources */ = {isa = PBXBuildFile; fileRef = F189634226DD1E5800D6D956 /* Assets.xcassets */; };
		F189634626DD1E5800D6D956 /* LaunchScreen.storyboard in Resources */ = {isa = PBXBuildFile; fileRef = F189634426DD1E5800D6D956 /* LaunchScreen.storyboard */; };
		F189634E26DE32BF00D6D956 /* ForecastTableViewCell.swift in Sources */ = {isa = PBXBuildFile; fileRef = F189634D26DE32BF00D6D956 /* ForecastTableViewCell.swift */; };
		F189635126DE386B00D6D956 /* ForecastModel.swift in Sources */ = {isa = PBXBuildFile; fileRef = F189635026DE386B00D6D956 /* ForecastModel.swift */; };
		F189635526DE534700D6D956 /* UIPickerView.swift in Sources */ = {isa = PBXBuildFile; fileRef = F189635426DE534700D6D956 /* UIPickerView.swift */; };
		F189635726DE5B1E00D6D956 /* UITableView.swift in Sources */ = {isa = PBXBuildFile; fileRef = F189635626DE5B1E00D6D956 /* UITableView.swift */; };
/* End PBXBuildFile section */

/* Begin PBXFileReference section */
		F189633626DD1E5700D6D956 /* DipWeatherApp.app */ = {isa = PBXFileReference; explicitFileType = wrapper.application; includeInIndex = 0; path = DipWeatherApp.app; sourceTree = BUILT_PRODUCTS_DIR; };
		F189633926DD1E5700D6D956 /* AppDelegate.swift */ = {isa = PBXFileReference; lastKnownFileType = sourcecode.swift; path = AppDelegate.swift; sourceTree = "<group>"; };
		F189633B26DD1E5700D6D956 /* SceneDelegate.swift */ = {isa = PBXFileReference; lastKnownFileType = sourcecode.swift; path = SceneDelegate.swift; sourceTree = "<group>"; };
		F189633D26DD1E5700D6D956 /* ViewController.swift */ = {isa = PBXFileReference; lastKnownFileType = sourcecode.swift; path = ViewController.swift; sourceTree = "<group>"; };
		F189634026DD1E5700D6D956 /* Base */ = {isa = PBXFileReference; lastKnownFileType = file.storyboard; name = Base; path = Base.lproj/Main.storyboard; sourceTree = "<group>"; };
		F189634226DD1E5800D6D956 /* Assets.xcassets */ = {isa = PBXFileReference; lastKnownFileType = folder.assetcatalog; path = Assets.xcassets; sourceTree = "<group>"; };
		F189634526DD1E5800D6D956 /* Base */ = {isa = PBXFileReference; lastKnownFileType = file.storyboard; name = Base; path = Base.lproj/LaunchScreen.storyboard; sourceTree = "<group>"; };
		F189634726DD1E5800D6D956 /* Info.plist */ = {isa = PBXFileReference; lastKnownFileType = text.plist.xml; path = Info.plist; sourceTree = "<group>"; };
		F189634D26DE32BF00D6D956 /* ForecastTableViewCell.swift */ = {isa = PBXFileReference; lastKnownFileType = sourcecode.swift; path = ForecastTableViewCell.swift; sourceTree = "<group>"; };
		F189635026DE386B00D6D956 /* ForecastModel.swift */ = {isa = PBXFileReference; lastKnownFileType = sourcecode.swift; path = ForecastModel.swift; sourceTree = "<group>"; };
		F189635426DE534700D6D956 /* UIPickerView.swift */ = {isa = PBXFileReference; lastKnownFileType = sourcecode.swift; path = UIPickerView.swift; sourceTree = "<group>"; };
		F189635626DE5B1E00D6D956 /* UITableView.swift */ = {isa = PBXFileReference; lastKnownFileType = sourcecode.swift; path = UITableView.swift; sourceTree = "<group>"; };
/* End PBXFileReference section */

/* Begin PBXFrameworksBuildPhase section */
		F189633326DD1E5700D6D956 /* Frameworks */ = {
			isa = PBXFrameworksBuildPhase;
			buildActionMask = 2147483647;
			files = (
			);
			runOnlyForDeploymentPostprocessing = 0;
		};
/* End PBXFrameworksBuildPhase section */

/* Begin PBXGroup section */
		F189632D26DD1E5700D6D956 = {
			isa = PBXGroup;
			children = (
				F189633826DD1E5700D6D956 /* DipWeatherApp */,
				F189633726DD1E5700D6D956 /* Products */,
			);
			sourceTree = "<group>";
		};
		F189633726DD1E5700D6D956 /* Products */ = {
			isa = PBXGroup;
			children = (
				F189633626DD1E5700D6D956 /* DipWeatherApp.app */,
			);
			name = Products;
			sourceTree = "<group>";
		};
		F189633826DD1E5700D6D956 /* DipWeatherApp */ = {
			isa = PBXGroup;
			children = (
				F189633926DD1E5700D6D956 /* AppDelegate.swift */,
				F189633B26DD1E5700D6D956 /* SceneDelegate.swift */,
				F189634F26DE383100D6D956 /* Model */,
				F189635226DE3D2900D6D956 /* Controllers */,
				F189633F26DD1E5700D6D956 /* Main.storyboard */,
				F189634226DD1E5800D6D956 /* Assets.xcassets */,
				F189634426DD1E5800D6D956 /* LaunchScreen.storyboard */,
				F189634726DD1E5800D6D956 /* Info.plist */,
			);
			path = DipWeatherApp;
			sourceTree = "<group>";
		};
		F189634F26DE383100D6D956 /* Model */ = {
			isa = PBXGroup;
			children = (
				F189635026DE386B00D6D956 /* ForecastModel.swift */,
			);
			path = Model;
			sourceTree = "<group>";
		};
		F189635226DE3D2900D6D956 /* Controllers */ = {
			isa = PBXGroup;
			children = (
				F189633D26DD1E5700D6D956 /* ViewController.swift */,
				F189635326DE52F800D6D956 /* VC Extensions */,
				F189634D26DE32BF00D6D956 /* ForecastTableViewCell.swift */,
			);
			path = Controllers;
			sourceTree = "<group>";
		};
		F189635326DE52F800D6D956 /* VC Extensions */ = {
			isa = PBXGroup;
			children = (
				F189635426DE534700D6D956 /* UIPickerView.swift */,
				F189635626DE5B1E00D6D956 /* UITableView.swift */,
			);
			path = "VC Extensions";
			sourceTree = "<group>";
		};
/* End PBXGroup section */

/* Begin PBXNativeTarget section */
		F189633526DD1E5700D6D956 /* DipWeatherApp */ = {
			isa = PBXNativeTarget;
			buildConfigurationList = F189634A26DD1E5800D6D956 /* Build configuration list for PBXNativeTarget "DipWeatherApp" */;
			buildPhases = (
				F189633226DD1E5700D6D956 /* Sources */,
				F189633326DD1E5700D6D956 /* Frameworks */,
				F189633426DD1E5700D6D956 /* Resources */,
			);
			buildRules = (
			);
			dependencies = (
			);
			name = DipWeatherApp;
			productName = DipWeatherApp;
			productReference = F189633626DD1E5700D6D956 /* DipWeatherApp.app */;
			productType = "com.apple.product-type.application";
		};
/* End PBXNativeTarget section */

/* Begin PBXProject section */
		F189632E26DD1E5700D6D956 /* Project object */ = {
			isa = PBXProject;
			attributes = {
				LastSwiftUpdateCheck = 1250;
				LastUpgradeCheck = 1250;
				TargetAttributes = {
					F189633526DD1E5700D6D956 = {
						CreatedOnToolsVersion = 12.5.1;
					};
				};
			};
			buildConfigurationList = F189633126DD1E5700D6D956 /* Build configuration list for PBXProject "DipWeatherApp" */;
			compatibilityVersion = "Xcode 9.3";
			developmentRegion = en;
			hasScannedForEncodings = 0;
			knownRegions = (
				en,
				Base,
			);
			mainGroup = F189632D26DD1E5700D6D956;
			productRefGroup = F189633726DD1E5700D6D956 /* Products */;
			projectDirPath = "";
			projectRoot = "";
			targets = (
				F189633526DD1E5700D6D956 /* DipWeatherApp */,
			);
		};
/* End PBXProject section */

/* Begin PBXResourcesBuildPhase section */
		F189633426DD1E5700D6D956 /* Resources */ = {
			isa = PBXResourcesBuildPhase;
			buildActionMask = 2147483647;
			files = (
				F189634626DD1E5800D6D956 /* LaunchScreen.storyboard in Resources */,
				F189634326DD1E5800D6D956 /* Assets.xcassets in Resources */,
				F189634126DD1E5700D6D956 /* Main.storyboard in Resources */,
			);
			runOnlyForDeploymentPostprocessing = 0;
		};
/* End PBXResourcesBuildPhase section */

/* Begin PBXSourcesBuildPhase section */
		F189633226DD1E5700D6D956 /* Sources */ = {
			isa = PBXSourcesBuildPhase;
			buildActionMask = 2147483647;
			files = (
				F189635526DE534700D6D956 /* UIPickerView.swift in Sources */,
				F189634E26DE32BF00D6D956 /* ForecastTableViewCell.swift in Sources */,
				F189633E26DD1E5700D6D956 /* ViewController.swift in Sources */,
				F189633A26DD1E5700D6D956 /* AppDelegate.swift in Sources */,
				F189635126DE386B00D6D956 /* ForecastModel.swift in Sources */,
				F189633C26DD1E5700D6D956 /* SceneDelegate.swift in Sources */,
				F189635726DE5B1E00D6D956 /* UITableView.swift in Sources */,
			);
			runOnlyForDeploymentPostprocessing = 0;
		};
/* End PBXSourcesBuildPhase section */

/* Begin PBXVariantGroup section */
		F189633F26DD1E5700D6D956 /* Main.storyboard */ = {
			isa = PBXVariantGroup;
			children = (
				F189634026DD1E5700D6D956 /* Base */,
			);
			name = Main.storyboard;
			sourceTree = "<group>";
		};
		F189634426DD1E5800D6D956 /* LaunchScreen.storyboard */ = {
			isa = PBXVariantGroup;
			children = (
				F189634526DD1E5800D6D956 /* Base */,
			);
			name = LaunchScreen.storyboard;
			sourceTree = "<group>";
		};
/* End PBXVariantGroup section */

/* Begin XCBuildConfiguration section */
		F189634826DD1E5800D6D956 /* Debug */ = {
			isa = XCBuildConfiguration;
			buildSettings = {
				ALWAYS_SEARCH_USER_PATHS = NO;
				CLANG_ANALYZER_NONNULL = YES;
				CLANG_ANALYZER_NUMBER_OBJECT_CONVERSION = YES_AGGRESSIVE;
				CLANG_CXX_LANGUAGE_STANDARD = "gnu++14";
				CLANG_CXX_LIBRARY = "libc++";
				CLANG_ENABLE_MODULES = YES;
				CLANG_ENABLE_OBJC_ARC = YES;
				CLANG_ENABLE_OBJC_WEAK = YES;
				CLANG_WARN_BLOCK_CAPTURE_AUTORELEASING = YES;
				CLANG_WARN_BOOL_CONVERSION = YES;
				CLANG_WARN_COMMA = YES;
				CLANG_WARN_CONSTANT_CONVERSION = YES;
				CLANG_WARN_DEPRECATED_OBJC_IMPLEMENTATIONS = YES;
				CLANG_WARN_DIRECT_OBJC_ISA_USAGE = YES_ERROR;
				CLANG_WARN_DOCUMENTATION_COMMENTS = YES;
				CLANG_WARN_EMPTY_BODY = YES;
				CLANG_WARN_ENUM_CONVERSION = YES;
				CLANG_WARN_INFINITE_RECURSION = YES;
				CLANG_WARN_INT_CONVERSION = YES;
				CLANG_WARN_NON_LITERAL_NULL_CONVERSION = YES;
				CLANG_WARN_OBJC_IMPLICIT_RETAIN_SELF = YES;
				CLANG_WARN_OBJC_LITERAL_CONVERSION = YES;
				CLANG_WARN_OBJC_ROOT_CLASS = YES_ERROR;
				CLANG_WARN_QUOTED_INCLUDE_IN_FRAMEWORK_HEADER = YES;
				CLANG_WARN_RANGE_LOOP_ANALYSIS = YES;
				CLANG_WARN_STRICT_PROTOTYPES = YES;
				CLANG_WARN_SUSPICIOUS_MOVE = YES;
				CLANG_WARN_UNGUARDED_AVAILABILITY = YES_AGGRESSIVE;
				CLANG_WARN_UNREACHABLE_CODE = YES;
				CLANG_WARN__DUPLICATE_METHOD_MATCH = YES;
				COPY_PHASE_STRIP = NO;
				DEBUG_INFORMATION_FORMAT = dwarf;
				ENABLE_STRICT_OBJC_MSGSEND = YES;
				ENABLE_TESTABILITY = YES;
				GCC_C_LANGUAGE_STANDARD = gnu11;
				GCC_DYNAMIC_NO_PIC = NO;
				GCC_NO_COMMON_BLOCKS = YES;
				GCC_OPTIMIZATION_LEVEL = 0;
				GCC_PREPROCESSOR_DEFINITIONS = (
					"DEBUG=1",
					"$(inherited)",
				);
				GCC_WARN_64_TO_32_BIT_CONVERSION = YES;
				GCC_WARN_ABOUT_RETURN_TYPE = YES_ERROR;
				GCC_WARN_UNDECLARED_SELECTOR = YES;
				GCC_WARN_UNINITIALIZED_AUTOS = YES_AGGRESSIVE;
				GCC_WARN_UNUSED_FUNCTION = YES;
				GCC_WARN_UNUSED_VARIABLE = YES;
				IPHONEOS_DEPLOYMENT_TARGET = 14.5;
				MTL_ENABLE_DEBUG_INFO = INCLUDE_SOURCE;
				MTL_FAST_MATH = YES;
				ONLY_ACTIVE_ARCH = YES;
				SDKROOT = iphoneos;
				SWIFT_ACTIVE_COMPILATION_CONDITIONS = DEBUG;
				SWIFT_OPTIMIZATION_LEVEL = "-Onone";
			};
			name = Debug;
		};
		F189634926DD1E5800D6D956 /* Release */ = {
			isa = XCBuildConfiguration;
			buildSettings = {
				ALWAYS_SEARCH_USER_PATHS = NO;
				CLANG_ANALYZER_NONNULL = YES;
				CLANG_ANALYZER_NUMBER_OBJECT_CONVERSION = YES_AGGRESSIVE;
				CLANG_CXX_LANGUAGE_STANDARD = "gnu++14";
				CLANG_CXX_LIBRARY = "libc++";
				CLANG_ENABLE_MODULES = YES;
				CLANG_ENABLE_OBJC_ARC = YES;
				CLANG_ENABLE_OBJC_WEAK = YES;
				CLANG_WARN_BLOCK_CAPTURE_AUTORELEASING = YES;
				CLANG_WARN_BOOL_CONVERSION = YES;
				CLANG_WARN_COMMA = YES;
				CLANG_WARN_CONSTANT_CONVERSION = YES;
				CLANG_WARN_DEPRECATED_OBJC_IMPLEMENTATIONS = YES;
				CLANG_WARN_DIRECT_OBJC_ISA_USAGE = YES_ERROR;
				CLANG_WARN_DOCUMENTATION_COMMENTS = YES;
				CLANG_WARN_EMPTY_BODY = YES;
				CLANG_WARN_ENUM_CONVERSION = YES;
				CLANG_WARN_INFINITE_RECURSION = YES;
				CLANG_WARN_INT_CONVERSION = YES;
				CLANG_WARN_NON_LITERAL_NULL_CONVERSION = YES;
				CLANG_WARN_OBJC_IMPLICIT_RETAIN_SELF = YES;
				CLANG_WARN_OBJC_LITERAL_CONVERSION = YES;
				CLANG_WARN_OBJC_ROOT_CLASS = YES_ERROR;
				CLANG_WARN_QUOTED_INCLUDE_IN_FRAMEWORK_HEADER = YES;
				CLANG_WARN_RANGE_LOOP_ANALYSIS = YES;
				CLANG_WARN_STRICT_PROTOTYPES = YES;
				CLANG_WARN_SUSPICIOUS_MOVE = YES;
				CLANG_WARN_UNGUARDED_AVAILABILITY = YES_AGGRESSIVE;
				CLANG_WARN_UNREACHABLE_CODE = YES;
				CLANG_WARN__DUPLICATE_METHOD_MATCH = YES;
				COPY_PHASE_STRIP = NO;
				DEBUG_INFORMATION_FORMAT = "dwarf-with-dsym";
				ENABLE_NS_ASSERTIONS = NO;
				ENABLE_STRICT_OBJC_MSGSEND = YES;
				GCC_C_LANGUAGE_STANDARD = gnu11;
				GCC_NO_COMMON_BLOCKS = YES;
				GCC_WARN_64_TO_32_BIT_CONVERSION = YES;
				GCC_WARN_ABOUT_RETURN_TYPE = YES_ERROR;
				GCC_WARN_UNDECLARED_SELECTOR = YES;
				GCC_WARN_UNINITIALIZED_AUTOS = YES_AGGRESSIVE;
				GCC_WARN_UNUSED_FUNCTION = YES;
				GCC_WARN_UNUSED_VARIABLE = YES;
				IPHONEOS_DEPLOYMENT_TARGET = 14.5;
				MTL_ENABLE_DEBUG_INFO = NO;
				MTL_FAST_MATH = YES;
				SDKROOT = iphoneos;
				SWIFT_COMPILATION_MODE = wholemodule;
				SWIFT_OPTIMIZATION_LEVEL = "-O";
				VALIDATE_PRODUCT = YES;
			};
			name = Release;
		};
		F189634B26DD1E5800D6D956 /* Debug */ = {
			isa = XCBuildConfiguration;
			buildSettings = {
				ASSETCATALOG_COMPILER_APPICON_NAME = AppIcon;
				ASSETCATALOG_COMPILER_GLOBAL_ACCENT_COLOR_NAME = AccentColor;
				CODE_SIGN_STYLE = Automatic;
				DEVELOPMENT_TEAM = UMB664RQJ2;
				INFOPLIST_FILE = DipWeatherApp/Info.plist;
				LD_RUNPATH_SEARCH_PATHS = (
					"$(inherited)",
					"@executable_path/Frameworks",
				);
				PRODUCT_BUNDLE_IDENTIFIER = com.ciryllaptev.DipWeatherApp;
				PRODUCT_NAME = "$(TARGET_NAME)";
				SWIFT_VERSION = 5.0;
				TARGETED_DEVICE_FAMILY = "1,2";
			};
			name = Debug;
		};
		F189634C26DD1E5800D6D956 /* Release */ = {
			isa = XCBuildConfiguration;
			buildSettings = {
				ASSETCATALOG_COMPILER_APPICON_NAME = AppIcon;
				ASSETCATALOG_COMPILER_GLOBAL_ACCENT_COLOR_NAME = AccentColor;
				CODE_SIGN_STYLE = Automatic;
				DEVELOPMENT_TEAM = UMB664RQJ2;
				INFOPLIST_FILE = DipWeatherApp/Info.plist;
				LD_RUNPATH_SEARCH_PATHS = (
					"$(inherited)",
					"@executable_path/Frameworks",
				);
				PRODUCT_BUNDLE_IDENTIFIER = com.ciryllaptev.DipWeatherApp;
				PRODUCT_NAME = "$(TARGET_NAME)";
				SWIFT_VERSION = 5.0;
				TARGETED_DEVICE_FAMILY = "1,2";
			};
			name = Release;
		};
/* End XCBuildConfiguration section */

/* Begin XCConfigurationList section */
		F189633126DD1E5700D6D956 /* Build configuration list for PBXProject "DipWeatherApp" */ = {
			isa = XCConfigurationList;
			buildConfigurations = (
				F189634826DD1E5800D6D956 /* Debug */,
				F189634926DD1E5800D6D956 /* Release */,
			);
			defaultConfigurationIsVisible = 0;
			defaultConfigurationName = Release;
		};
		F189634A26DD1E5800D6D956 /* Build configuration list for PBXNativeTarget "DipWeatherApp" */ = {
			isa = XCConfigurationList;
			buildConfigurations = (
				F189634B26DD1E5800D6D956 /* Debug */,
				F189634C26DD1E5800D6D956 /* Release */,
			);
			defaultConfigurationIsVisible = 0;
			defaultConfigurationName = Release;
		};
/* End XCConfigurationList section */
	};
	rootObject = F189632E26DD1E5700D6D956 /* Project object */;
}
